
Microsoft Visual Studio Solution File, Format Version 12.00
# Visual Studio Version 17
VisualStudioVersion = 17.13.35931.197 d17.13
MinimumVisualStudioVersion = 10.0.40219.1
Project("{FAE04EC0-301F-11D3-BF4B-00C04F79EFBC}") = "DataGridView", "DataGridView\DataGridView.csproj", "{B6042A5B-59EC-43A1-B8A4-645DD102A9DF}"
EndProject
Global
	GlobalSection(SolutionConfigurationPlatforms) = preSolution
		Debug|Any CPU = Debug|Any CPU
		Release|Any CPU = Release|Any CPU
	EndGlobalSection
	GlobalSection(ProjectConfigurationPlatforms) = postSolution
		{B6042A5B-59EC-43A1-B8A4-645DD102A9DF}.Debug|Any CPU.ActiveCfg = Debug|Any CPU
		{B6042A5B-59EC-43A1-B8A4-645DD102A9DF}.Debug|Any CPU.Build.0 = Debug|Any CPU
		{B6042A5B-59EC-43A1-B8A4-645DD102A9DF}.Release|Any CPU.ActiveCfg = Release|Any CPU
		{B6042A5B-59EC-43A1-B8A4-645DD102A9DF}.Release|Any CPU.Build.0 = Release|Any CPU
	EndGlobalSection
	GlobalSection(SolutionProperties) = preSolution
		HideSolutionNode = FALSE
	EndGlobalSection
	GlobalSection(ExtensibilityGlobals) = postSolution
		SolutionGuid = {F8E71685-2B42-4C0E-BA54-C263A03CDCE5}
	EndGlobalSection
EndGlobal
